
Microsoft Visual Studio Solution File, Format Version 12.00
# Visual Studio Version 17
VisualStudioVersion = 17.9.34616.47
MinimumVisualStudioVersion = 10.0.40219.1
Project("{FAE04EC0-301F-11D3-BF4B-00C04F79EFBC}") = "ListaNotas.DAL", "ListaNotas.Datos\ListaNotas.DAL.csproj", "{2E931E98-B578-4992-8FA4-41F043FC3C5A}"
EndProject
Project("{FAE04EC0-301F-11D3-BF4B-00C04F79EFBC}") = "ListaNotas.BLL", "ListaNotas.BLL\ListaNotas.BLL.csproj", "{77AA71FF-9A7C-4A76-8192-11F4D1FA2DF6}"
EndProject
Project("{FAE04EC0-301F-11D3-BF4B-00C04F79EFBC}") = "ListaNotas.Entity", "ListaNotas.Entity\ListaNotas.Entity.csproj", "{89B46F4A-D69D-4F90-AB1F-D194651E6279}"
EndProject
Project("{FAE04EC0-301F-11D3-BF4B-00C04F79EFBC}") = "ListaNotas.IOC", "ListaNotas.IOC\ListaNotas.IOC.csproj", "{F6778AB9-0AE3-4E45-BC98-70B0534475E2}"
EndProject
Project("{FAE04EC0-301F-11D3-BF4B-00C04F79EFBC}") = "ListaNotas.WEB", "ListaNotas.WEB\ListaNotas.WEB.csproj", "{51A7850C-F6A9-4F20-B341-989002E291E2}"
EndProject
Global
	GlobalSection(SolutionConfigurationPlatforms) = preSolution
		Debug|Any CPU = Debug|Any CPU
		Release|Any CPU = Release|Any CPU
	EndGlobalSection
	GlobalSection(ProjectConfigurationPlatforms) = postSolution
		{2E931E98-B578-4992-8FA4-41F043FC3C5A}.Debug|Any CPU.ActiveCfg = Debug|Any CPU
		{2E931E98-B578-4992-8FA4-41F043FC3C5A}.Debug|Any CPU.Build.0 = Debug|Any CPU
		{2E931E98-B578-4992-8FA4-41F043FC3C5A}.Release|Any CPU.ActiveCfg = Release|Any CPU
		{2E931E98-B578-4992-8FA4-41F043FC3C5A}.Release|Any CPU.Build.0 = Release|Any CPU
		{77AA71FF-9A7C-4A76-8192-11F4D1FA2DF6}.Debug|Any CPU.ActiveCfg = Debug|Any CPU
		{77AA71FF-9A7C-4A76-8192-11F4D1FA2DF6}.Debug|Any CPU.Build.0 = Debug|Any CPU
		{77AA71FF-9A7C-4A76-8192-11F4D1FA2DF6}.Release|Any CPU.ActiveCfg = Release|Any CPU
		{77AA71FF-9A7C-4A76-8192-11F4D1FA2DF6}.Release|Any CPU.Build.0 = Release|Any CPU
		{89B46F4A-D69D-4F90-AB1F-D194651E6279}.Debug|Any CPU.ActiveCfg = Debug|Any CPU
		{89B46F4A-D69D-4F90-AB1F-D194651E6279}.Debug|Any CPU.Build.0 = Debug|Any CPU
		{89B46F4A-D69D-4F90-AB1F-D194651E6279}.Release|Any CPU.ActiveCfg = Release|Any CPU
		{89B46F4A-D69D-4F90-AB1F-D194651E6279}.Release|Any CPU.Build.0 = Release|Any CPU
		{F6778AB9-0AE3-4E45-BC98-70B0534475E2}.Debug|Any CPU.ActiveCfg = Debug|Any CPU
		{F6778AB9-0AE3-4E45-BC98-70B0534475E2}.Debug|Any CPU.Build.0 = Debug|Any CPU
		{F6778AB9-0AE3-4E45-BC98-70B0534475E2}.Release|Any CPU.ActiveCfg = Release|Any CPU
		{F6778AB9-0AE3-4E45-BC98-70B0534475E2}.Release|Any CPU.Build.0 = Release|Any CPU
		{51A7850C-F6A9-4F20-B341-989002E291E2}.Debug|Any CPU.ActiveCfg = Debug|Any CPU
		{51A7850C-F6A9-4F20-B341-989002E291E2}.Debug|Any CPU.Build.0 = Debug|Any CPU
		{51A7850C-F6A9-4F20-B341-989002E291E2}.Release|Any CPU.ActiveCfg = Release|Any CPU
		{51A7850C-F6A9-4F20-B341-989002E291E2}.Release|Any CPU.Build.0 = Release|Any CPU
	EndGlobalSection
	GlobalSection(SolutionProperties) = preSolution
		HideSolutionNode = FALSE
	EndGlobalSection
	GlobalSection(ExtensibilityGlobals) = postSolution
		SolutionGuid = {B41615F1-9FFD-44F2-88B1-31148CC94A46}
	EndGlobalSection
EndGlobal
